// !$*UTF8*$!
{
	archiveVersion = 1;
	classes = {
	};
	objectVersion = 56;
	objects = {

/* Begin PBXBuildFile section */
		C70819252DACBC7E00647AAF /* KaTexView.swift in Sources */ = {isa = PBXBuildFile; fileRef = C70819242DACBC7E00647AAF /* KaTexView.swift */; };
		C76C0B9F2DB2345600A1B2C3 /* SettingsView.swift in Sources */ = {isa = PBXBuildFile; fileRef = C76C0B9E2DB2345600A1B2C3 /* SettingsView.swift */; };
		C7710A9B2DACDD79000E70E5 /* MainBoardView.swift in Sources */ = {isa = PBXBuildFile; fileRef = C7710A9A2DACDD79000E70E5 /* MainBoardView.swift */; };
		C7710A9D2DACE18E000E70E5 /* IdentifyProcess.swift in Sources */ = {isa = PBXBuildFile; fileRef = C7710A9C2DACE18E000E70E5 /* IdentifyProcess.swift */; };
		C7C08F7C2CDA1DC0005EDFBD /* AppDelegate.swift in Sources */ = {isa = PBXBuildFile; fileRef = C7C08F7B2CDA1DC0005EDFBD /* AppDelegate.swift */; };
		C7D48ABB2CC4D28E00BE2130 /* LaTeXOCRApp.swift in Sources */ = {isa = PBXBuildFile; fileRef = C7D48ABA2CC4D28E00BE2130 /* LaTeXOCRApp.swift */; };
		C7D48ABD2CC4D28E00BE2130 /* ContentView.swift in Sources */ = {isa = PBXBuildFile; fileRef = C7D48ABC2CC4D28E00BE2130 /* ContentView.swift */; };
		C7D48ABF2CC4D29100BE2130 /* Assets.xcassets in Resources */ = {isa = PBXBuildFile; fileRef = C7D48ABE2CC4D29100BE2130 /* Assets.xcassets */; };
		C7D48AC22CC4D29100BE2130 /* Preview Assets.xcassets in Resources */ = {isa = PBXBuildFile; fileRef = C7D48AC12CC4D29100BE2130 /* Preview Assets.xcassets */; };
		C7D48ACD2CC4D29100BE2130 /* LaTeXOCRTests.swift in Sources */ = {isa = PBXBuildFile; fileRef = C7D48ACC2CC4D29100BE2130 /* LaTeXOCRTests.swift */; };
		C7D48AD72CC4D29100BE2130 /* LaTeXOCRUITests.swift in Sources */ = {isa = PBXBuildFile; fileRef = C7D48AD62CC4D29100BE2130 /* LaTeXOCRUITests.swift */; };
		C7D48AD92CC4D29100BE2130 /* LaTeXOCRUITestsLaunchTests.swift in Sources */ = {isa = PBXBuildFile; fileRef = C7D48AD82CC4D29100BE2130 /* LaTeXOCRUITestsLaunchTests.swift */; };
/* End PBXBuildFile section */

/* Begin PBXContainerItemProxy section */
		C7D48AC92CC4D29100BE2130 /* PBXContainerItemProxy */ = {
			isa = PBXContainerItemProxy;
			containerPortal = C7D48AAF2CC4D28E00BE2130 /* Project object */;
			proxyType = 1;
			remoteGlobalIDString = C7D48AB62CC4D28E00BE2130;
			remoteInfo = LaTeXOCR;
		};
		C7D48AD32CC4D29100BE2130 /* PBXContainerItemProxy */ = {
			isa = PBXContainerItemProxy;
			containerPortal = C7D48AAF2CC4D28E00BE2130 /* Project object */;
			proxyType = 1;
			remoteGlobalIDString = C7D48AB62CC4D28E00BE2130;
			remoteInfo = LaTeXOCR;
		};
/* End PBXContainerItemProxy section */

/* Begin PBXFileReference section */
		C70819242DACBC7E00647AAF /* KaTexView.swift */ = {isa = PBXFileReference; lastKnownFileType = sourcecode.swift; path = KaTexView.swift; sourceTree = "<group>"; };
		C76C0B9E2DB2345600A1B2C3 /* SettingsView.swift */ = {isa = PBXFileReference; lastKnownFileType = sourcecode.swift; path = SettingsView.swift; sourceTree = "<group>"; };
		C7710A9A2DACDD79000E70E5 /* MainBoardView.swift */ = {isa = PBXFileReference; lastKnownFileType = sourcecode.swift; path = MainBoardView.swift; sourceTree = "<group>"; };
		C7710A9C2DACE18E000E70E5 /* IdentifyProcess.swift */ = {isa = PBXFileReference; lastKnownFileType = sourcecode.swift; path = IdentifyProcess.swift; sourceTree = "<group>"; };
		C7C08F7B2CDA1DC0005EDFBD /* AppDelegate.swift */ = {isa = PBXFileReference; lastKnownFileType = sourcecode.swift; path = AppDelegate.swift; sourceTree = "<group>"; };
		C7C08F7D2CDA20F0005EDFBD /* Info.plist */ = {isa = PBXFileReference; lastKnownFileType = text.plist; path = Info.plist; sourceTree = "<group>"; };
		C7D48AB72CC4D28E00BE2130 /* LaTeXOCR.app */ = {isa = PBXFileReference; explicitFileType = wrapper.application; includeInIndex = 0; path = LaTeXOCR.app; sourceTree = BUILT_PRODUCTS_DIR; };
		C7D48ABA2CC4D28E00BE2130 /* LaTeXOCRApp.swift */ = {isa = PBXFileReference; lastKnownFileType = sourcecode.swift; path = LaTeXOCRApp.swift; sourceTree = "<group>"; };
		C7D48ABC2CC4D28E00BE2130 /* ContentView.swift */ = {isa = PBXFileReference; lastKnownFileType = sourcecode.swift; path = ContentView.swift; sourceTree = "<group>"; };
		C7D48ABE2CC4D29100BE2130 /* Assets.xcassets */ = {isa = PBXFileReference; lastKnownFileType = folder.assetcatalog; path = Assets.xcassets; sourceTree = "<group>"; };
		C7D48AC12CC4D29100BE2130 /* Preview Assets.xcassets */ = {isa = PBXFileReference; lastKnownFileType = folder.assetcatalog; path = "Preview Assets.xcassets"; sourceTree = "<group>"; };
		C7D48AC32CC4D29100BE2130 /* LaTeXOCR.entitlements */ = {isa = PBXFileReference; lastKnownFileType = text.plist.entitlements; path = LaTeXOCR.entitlements; sourceTree = "<group>"; };
		C7D48AC82CC4D29100BE2130 /* LaTeXOCRTests.xctest */ = {isa = PBXFileReference; explicitFileType = wrapper.cfbundle; includeInIndex = 0; path = LaTeXOCRTests.xctest; sourceTree = BUILT_PRODUCTS_DIR; };
		C7D48ACC2CC4D29100BE2130 /* LaTeXOCRTests.swift */ = {isa = PBXFileReference; lastKnownFileType = sourcecode.swift; path = LaTeXOCRTests.swift; sourceTree = "<group>"; };
		C7D48AD22CC4D29100BE2130 /* LaTeXOCRUITests.xctest */ = {isa = PBXFileReference; explicitFileType = wrapper.cfbundle; includeInIndex = 0; path = LaTeXOCRUITests.xctest; sourceTree = BUILT_PRODUCTS_DIR; };
		C7D48AD62CC4D29100BE2130 /* LaTeXOCRUITests.swift */ = {isa = PBXFileReference; lastKnownFileType = sourcecode.swift; path = LaTeXOCRUITests.swift; sourceTree = "<group>"; };
		C7D48AD82CC4D29100BE2130 /* LaTeXOCRUITestsLaunchTests.swift */ = {isa = PBXFileReference; lastKnownFileType = sourcecode.swift; path = LaTeXOCRUITestsLaunchTests.swift; sourceTree = "<group>"; };
/* End PBXFileReference section */

/* Begin PBXFrameworksBuildPhase section */
		C7D48AB42CC4D28E00BE2130 /* Frameworks */ = {
			isa = PBXFrameworksBuildPhase;
			buildActionMask = 2147483647;
			files = (
			);
			runOnlyForDeploymentPostprocessing = 0;
		};
		C7D48AC52CC4D29100BE2130 /* Frameworks */ = {
			isa = PBXFrameworksBuildPhase;
			buildActionMask = 2147483647;
			files = (
			);
			runOnlyForDeploymentPostprocessing = 0;
		};
		C7D48ACF2CC4D29100BE2130 /* Frameworks */ = {
			isa = PBXFrameworksBuildPhase;
			buildActionMask = 2147483647;
			files = (
			);
			runOnlyForDeploymentPostprocessing = 0;
		};
/* End PBXFrameworksBuildPhase section */

/* Begin PBXGroup section */
		C7816AC82DAF79B500B01587 /* Assets */ = {
			isa = PBXGroup;
			children = (
			);
			path = Assets;
			sourceTree = "<group>";
		};
		C7D48AAE2CC4D28E00BE2130 = {
			isa = PBXGroup;
			children = (
				C7D48AB92CC4D28E00BE2130 /* LaTeXOCR */,
				C7D48ACB2CC4D29100BE2130 /* LaTeXOCRTests */,
				C7D48AD52CC4D29100BE2130 /* LaTeXOCRUITests */,
				C7D48AB82CC4D28E00BE2130 /* Products */,
			);
			sourceTree = "<group>";
		};
		C7D48AB82CC4D28E00BE2130 /* Products */ = {
			isa = PBXGroup;
			children = (
				C7D48AB72CC4D28E00BE2130 /* LaTeXOCR.app */,
				C7D48AC82CC4D29100BE2130 /* LaTeXOCRTests.xctest */,
				C7D48AD22CC4D29100BE2130 /* LaTeXOCRUITests.xctest */,
			);
			name = Products;
			sourceTree = "<group>";
		};
		C7D48AB92CC4D28E00BE2130 /* LaTeXOCR */ = {
			isa = PBXGroup;
			children = (
				C7816AC82DAF79B500B01587 /* Assets */,
				C7C08F7D2CDA20F0005EDFBD /* Info.plist */,
				C7D48ABA2CC4D28E00BE2130 /* LaTeXOCRApp.swift */,
				C7D48ABC2CC4D28E00BE2130 /* ContentView.swift */,
				C76C0B9E2DB2345600A1B2C3 /* SettingsView.swift */,
				C7D48ABE2CC4D29100BE2130 /* Assets.xcassets */,
				C7D48AC32CC4D29100BE2130 /* LaTeXOCR.entitlements */,
				C7D48AC02CC4D29100BE2130 /* Preview Content */,
				C7C08F7B2CDA1DC0005EDFBD /* AppDelegate.swift */,
				C70819242DACBC7E00647AAF /* KaTexView.swift */,
				C7710A9A2DACDD79000E70E5 /* MainBoardView.swift */,
				C7710A9C2DACE18E000E70E5 /* IdentifyProcess.swift */,
			);
			path = LaTeXOCR;
			sourceTree = "<group>";
		};
		C7D48AC02CC4D29100BE2130 /* Preview Content */ = {
			isa = PBXGroup;
			children = (
				C7D48AC12CC4D29100BE2130 /* Preview Assets.xcassets */,
			);
			path = "Preview Content";
			sourceTree = "<group>";
		};
		C7D48ACB2CC4D29100BE2130 /* LaTeXOCRTests */ = {
			isa = PBXGroup;
			children = (
				C7D48ACC2CC4D29100BE2130 /* LaTeXOCRTests.swift */,
			);
			path = LaTeXOCRTests;
			sourceTree = "<group>";
		};
		C7D48AD52CC4D29100BE2130 /* LaTeXOCRUITests */ = {
			isa = PBXGroup;
			children = (
				C7D48AD62CC4D29100BE2130 /* LaTeXOCRUITests.swift */,
				C7D48AD82CC4D29100BE2130 /* LaTeXOCRUITestsLaunchTests.swift */,
			);
			path = LaTeXOCRUITests;
			sourceTree = "<group>";
		};
/* End PBXGroup section */

/* Begin PBXNativeTarget section */
		C7D48AB62CC4D28E00BE2130 /* LaTeXOCR */ = {
			isa = PBXNativeTarget;
			buildConfigurationList = C7D48ADC2CC4D29100BE2130 /* Build configuration list for PBXNativeTarget "LaTeXOCR" */;
			buildPhases = (
				C7D48AB32CC4D28E00BE2130 /* Sources */,
				C7D48AB42CC4D28E00BE2130 /* Frameworks */,
				C7D48AB52CC4D28E00BE2130 /* Resources */,
			);
			buildRules = (
			);
			dependencies = (
			);
			name = LaTeXOCR;
			productName = LaTeXOCR;
			productReference = C7D48AB72CC4D28E00BE2130 /* LaTeXOCR.app */;
			productType = "com.apple.product-type.application";
		};
		C7D48AC72CC4D29100BE2130 /* LaTeXOCRTests */ = {
			isa = PBXNativeTarget;
			buildConfigurationList = C7D48ADF2CC4D29100BE2130 /* Build configuration list for PBXNativeTarget "LaTeXOCRTests" */;
			buildPhases = (
				C7D48AC42CC4D29100BE2130 /* Sources */,
				C7D48AC52CC4D29100BE2130 /* Frameworks */,
				C7D48AC62CC4D29100BE2130 /* Resources */,
			);
			buildRules = (
			);
			dependencies = (
				C7D48ACA2CC4D29100BE2130 /* PBXTargetDependency */,
			);
			name = LaTeXOCRTests;
			productName = LaTeXOCRTests;
			productReference = C7D48AC82CC4D29100BE2130 /* LaTeXOCRTests.xctest */;
			productType = "com.apple.product-type.bundle.unit-test";
		};
		C7D48AD12CC4D29100BE2130 /* LaTeXOCRUITests */ = {
			isa = PBXNativeTarget;
			buildConfigurationList = C7D48AE22CC4D29100BE2130 /* Build configuration list for PBXNativeTarget "LaTeXOCRUITests" */;
			buildPhases = (
				C7D48ACE2CC4D29100BE2130 /* Sources */,
				C7D48ACF2CC4D29100BE2130 /* Frameworks */,
				C7D48AD02CC4D29100BE2130 /* Resources */,
			);
			buildRules = (
			);
			dependencies = (
				C7D48AD42CC4D29100BE2130 /* PBXTargetDependency */,
			);
			name = LaTeXOCRUITests;
			productName = LaTeXOCRUITests;
			productReference = C7D48AD22CC4D29100BE2130 /* LaTeXOCRUITests.xctest */;
			productType = "com.apple.product-type.bundle.ui-testing";
		};
/* End PBXNativeTarget section */

/* Begin PBXProject section */
		C7D48AAF2CC4D28E00BE2130 /* Project object */ = {
			isa = PBXProject;
			attributes = {
				BuildIndependentTargetsInParallel = 1;
				LastSwiftUpdateCheck = 1520;
				LastUpgradeCheck = 1520;
				TargetAttributes = {
					C7D48AB62CC4D28E00BE2130 = {
						CreatedOnToolsVersion = 15.2;
					};
					C7D48AC72CC4D29100BE2130 = {
						CreatedOnToolsVersion = 15.2;
						TestTargetID = C7D48AB62CC4D28E00BE2130;
					};
					C7D48AD12CC4D29100BE2130 = {
						CreatedOnToolsVersion = 15.2;
						TestTargetID = C7D48AB62CC4D28E00BE2130;
					};
				};
			};
			buildConfigurationList = C7D48AB22CC4D28E00BE2130 /* Build configuration list for PBXProject "LaTeXOCR" */;
			compatibilityVersion = "Xcode 14.0";
			developmentRegion = en;
			hasScannedForEncodings = 0;
			knownRegions = (
				en,
				Base,
			);
			mainGroup = C7D48AAE2CC4D28E00BE2130;
			productRefGroup = C7D48AB82CC4D28E00BE2130 /* Products */;
			projectDirPath = "";
			projectRoot = "";
			targets = (
				C7D48AB62CC4D28E00BE2130 /* LaTeXOCR */,
				C7D48AC72CC4D29100BE2130 /* LaTeXOCRTests */,
				C7D48AD12CC4D29100BE2130 /* LaTeXOCRUITests */,
			);
		};
/* End PBXProject section */

/* Begin PBXResourcesBuildPhase section */
		C7D48AB52CC4D28E00BE2130 /* Resources */ = {
			isa = PBXResourcesBuildPhase;
			buildActionMask = 2147483647;
			files = (
				C7D48AC22CC4D29100BE2130 /* Preview Assets.xcassets in Resources */,
				C7D48ABF2CC4D29100BE2130 /* Assets.xcassets in Resources */,
			);
			runOnlyForDeploymentPostprocessing = 0;
		};
		C7D48AC62CC4D29100BE2130 /* Resources */ = {
			isa = PBXResourcesBuildPhase;
			buildActionMask = 2147483647;
			files = (
			);
			runOnlyForDeploymentPostprocessing = 0;
		};
		C7D48AD02CC4D29100BE2130 /* Resources */ = {
			isa = PBXResourcesBuildPhase;
			buildActionMask = 2147483647;
			files = (
			);
			runOnlyForDeploymentPostprocessing = 0;
		};
/* End PBXResourcesBuildPhase section */

/* Begin PBXSourcesBuildPhase section */
		C7D48AB32CC4D28E00BE2130 /* Sources */ = {
			isa = PBXSourcesBuildPhase;
			buildActionMask = 2147483647;
			files = (
				C7C08F7C2CDA1DC0005EDFBD /* AppDelegate.swift in Sources */,
				C7710A9D2DACE18E000E70E5 /* IdentifyProcess.swift in Sources */,
				C7D48ABD2CC4D28E00BE2130 /* ContentView.swift in Sources */,
				C76C0B9F2DB2345600A1B2C3 /* SettingsView.swift in Sources */,
				C70819252DACBC7E00647AAF /* KaTexView.swift in Sources */,
				C7710A9B2DACDD79000E70E5 /* MainBoardView.swift in Sources */,
				C7D48ABB2CC4D28E00BE2130 /* LaTeXOCRApp.swift in Sources */,
			);
			runOnlyForDeploymentPostprocessing = 0;
		};
		C7D48AC42CC4D29100BE2130 /* Sources */ = {
			isa = PBXSourcesBuildPhase;
			buildActionMask = 2147483647;
			files = (
				C7D48ACD2CC4D29100BE2130 /* LaTeXOCRTests.swift in Sources */,
			);
			runOnlyForDeploymentPostprocessing = 0;
		};
		C7D48ACE2CC4D29100BE2130 /* Sources */ = {
			isa = PBXSourcesBuildPhase;
			buildActionMask = 2147483647;
			files = (
				C7D48AD92CC4D29100BE2130 /* LaTeXOCRUITestsLaunchTests.swift in Sources */,
				C7D48AD72CC4D29100BE2130 /* LaTeXOCRUITests.swift in Sources */,
			);
			runOnlyForDeploymentPostprocessing = 0;
		};
/* End PBXSourcesBuildPhase section */

/* Begin PBXTargetDependency section */
		C7D48ACA2CC4D29100BE2130 /* PBXTargetDependency */ = {
			isa = PBXTargetDependency;
			target = C7D48AB62CC4D28E00BE2130 /* LaTeXOCR */;
			targetProxy = C7D48AC92CC4D29100BE2130 /* PBXContainerItemProxy */;
		};
		C7D48AD42CC4D29100BE2130 /* PBXTargetDependency */ = {
			isa = PBXTargetDependency;
			target = C7D48AB62CC4D28E00BE2130 /* LaTeXOCR */;
			targetProxy = C7D48AD32CC4D29100BE2130 /* PBXContainerItemProxy */;
		};
/* End PBXTargetDependency section */

/* Begin XCBuildConfiguration section */
		C7D48ADA2CC4D29100BE2130 /* Debug */ = {
			isa = XCBuildConfiguration;
			buildSettings = {
				ALWAYS_SEARCH_USER_PATHS = NO;
				ASSETCATALOG_COMPILER_GENERATE_SWIFT_ASSET_SYMBOL_EXTENSIONS = YES;
				CLANG_ANALYZER_NONNULL = YES;
				CLANG_ANALYZER_NUMBER_OBJECT_CONVERSION = YES_AGGRESSIVE;
				CLANG_CXX_LANGUAGE_STANDARD = "gnu++20";
				CLANG_ENABLE_MODULES = YES;
				CLANG_ENABLE_OBJC_ARC = YES;
				CLANG_ENABLE_OBJC_WEAK = YES;
				CLANG_WARN_BLOCK_CAPTURE_AUTORELEASING = YES;
				CLANG_WARN_BOOL_CONVERSION = YES;
				CLANG_WARN_COMMA = YES;
				CLANG_WARN_CONSTANT_CONVERSION = YES;
				CLANG_WARN_DEPRECATED_OBJC_IMPLEMENTATIONS = YES;
				CLANG_WARN_DIRECT_OBJC_ISA_USAGE = YES_ERROR;
				CLANG_WARN_DOCUMENTATION_COMMENTS = YES;
				CLANG_WARN_EMPTY_BODY = YES;
				CLANG_WARN_ENUM_CONVERSION = YES;
				CLANG_WARN_INFINITE_RECURSION = YES;
				CLANG_WARN_INT_CONVERSION = YES;
				CLANG_WARN_NON_LITERAL_NULL_CONVERSION = YES;
				CLANG_WARN_OBJC_IMPLICIT_RETAIN_SELF = YES;
				CLANG_WARN_OBJC_LITERAL_CONVERSION = YES;
				CLANG_WARN_OBJC_ROOT_CLASS = YES_ERROR;
				CLANG_WARN_QUOTED_INCLUDE_IN_FRAMEWORK_HEADER = YES;
				CLANG_WARN_RANGE_LOOP_ANALYSIS = YES;
				CLANG_WARN_STRICT_PROTOTYPES = YES;
				CLANG_WARN_SUSPICIOUS_MOVE = YES;
				CLANG_WARN_UNGUARDED_AVAILABILITY = YES_AGGRESSIVE;
				CLANG_WARN_UNREACHABLE_CODE = YES;
				CLANG_WARN__DUPLICATE_METHOD_MATCH = YES;
				COPY_PHASE_STRIP = NO;
				DEBUG_INFORMATION_FORMAT = dwarf;
				ENABLE_STRICT_OBJC_MSGSEND = YES;
				ENABLE_TESTABILITY = YES;
				ENABLE_USER_SCRIPT_SANDBOXING = YES;
				GCC_C_LANGUAGE_STANDARD = gnu17;
				GCC_DYNAMIC_NO_PIC = NO;
				GCC_NO_COMMON_BLOCKS = YES;
				GCC_OPTIMIZATION_LEVEL = 0;
				GCC_PREPROCESSOR_DEFINITIONS = (
					"DEBUG=1",
					"$(inherited)",
				);
				GCC_WARN_64_TO_32_BIT_CONVERSION = YES;
				GCC_WARN_ABOUT_RETURN_TYPE = YES_ERROR;
				GCC_WARN_UNDECLARED_SELECTOR = YES;
				GCC_WARN_UNINITIALIZED_AUTOS = YES_AGGRESSIVE;
				GCC_WARN_UNUSED_FUNCTION = YES;
				GCC_WARN_UNUSED_VARIABLE = YES;
				LOCALIZATION_PREFERS_STRING_CATALOGS = YES;
				MACOSX_DEPLOYMENT_TARGET = 13.6;
				MTL_ENABLE_DEBUG_INFO = INCLUDE_SOURCE;
				MTL_FAST_MATH = YES;
				ONLY_ACTIVE_ARCH = YES;
				SDKROOT = macosx;
				SWIFT_ACTIVE_COMPILATION_CONDITIONS = "DEBUG $(inherited)";
				SWIFT_OPTIMIZATION_LEVEL = "-Onone";
			};
			name = Debug;
		};
		C7D48ADB2CC4D29100BE2130 /* Release */ = {
			isa = XCBuildConfiguration;
			buildSettings = {
				ALWAYS_SEARCH_USER_PATHS = NO;
				ASSETCATALOG_COMPILER_GENERATE_SWIFT_ASSET_SYMBOL_EXTENSIONS = YES;
				CLANG_ANALYZER_NONNULL = YES;
				CLANG_ANALYZER_NUMBER_OBJECT_CONVERSION = YES_AGGRESSIVE;
				CLANG_CXX_LANGUAGE_STANDARD = "gnu++20";
				CLANG_ENABLE_MODULES = YES;
				CLANG_ENABLE_OBJC_ARC = YES;
				CLANG_ENABLE_OBJC_WEAK = YES;
				CLANG_WARN_BLOCK_CAPTURE_AUTORELEASING = YES;
				CLANG_WARN_BOOL_CONVERSION = YES;
				CLANG_WARN_COMMA = YES;
				CLANG_WARN_CONSTANT_CONVERSION = YES;
				CLANG_WARN_DEPRECATED_OBJC_IMPLEMENTATIONS = YES;
				CLANG_WARN_DIRECT_OBJC_ISA_USAGE = YES_ERROR;
				CLANG_WARN_DOCUMENTATION_COMMENTS = YES;
				CLANG_WARN_EMPTY_BODY = YES;
				CLANG_WARN_ENUM_CONVERSION = YES;
				CLANG_WARN_INFINITE_RECURSION = YES;
				CLANG_WARN_INT_CONVERSION = YES;
				CLANG_WARN_NON_LITERAL_NULL_CONVERSION = YES;
				CLANG_WARN_OBJC_IMPLICIT_RETAIN_SELF = YES;
				CLANG_WARN_OBJC_LITERAL_CONVERSION = YES;
				CLANG_WARN_OBJC_ROOT_CLASS = YES_ERROR;
				CLANG_WARN_QUOTED_INCLUDE_IN_FRAMEWORK_HEADER = YES;
				CLANG_WARN_RANGE_LOOP_ANALYSIS = YES;
				CLANG_WARN_STRICT_PROTOTYPES = YES;
				CLANG_WARN_SUSPICIOUS_MOVE = YES;
				CLANG_WARN_UNGUARDED_AVAILABILITY = YES_AGGRESSIVE;
				CLANG_WARN_UNREACHABLE_CODE = YES;
				CLANG_WARN__DUPLICATE_METHOD_MATCH = YES;
				COPY_PHASE_STRIP = NO;
				DEBUG_INFORMATION_FORMAT = "dwarf-with-dsym";
				ENABLE_NS_ASSERTIONS = NO;
				ENABLE_STRICT_OBJC_MSGSEND = YES;
				ENABLE_USER_SCRIPT_SANDBOXING = YES;
				GCC_C_LANGUAGE_STANDARD = gnu17;
				GCC_NO_COMMON_BLOCKS = YES;
				GCC_WARN_64_TO_32_BIT_CONVERSION = YES;
				GCC_WARN_ABOUT_RETURN_TYPE = YES_ERROR;
				GCC_WARN_UNDECLARED_SELECTOR = YES;
				GCC_WARN_UNINITIALIZED_AUTOS = YES_AGGRESSIVE;
				GCC_WARN_UNUSED_FUNCTION = YES;
				GCC_WARN_UNUSED_VARIABLE = YES;
				LOCALIZATION_PREFERS_STRING_CATALOGS = YES;
				MACOSX_DEPLOYMENT_TARGET = 13.6;
				MTL_ENABLE_DEBUG_INFO = NO;
				MTL_FAST_MATH = YES;
				SDKROOT = macosx;
				SWIFT_COMPILATION_MODE = wholemodule;
			};
			name = Release;
		};
		C7D48ADD2CC4D29100BE2130 /* Debug */ = {
			isa = XCBuildConfiguration;
			buildSettings = {
				ASSETCATALOG_COMPILER_APPICON_NAME = AppIcon;
				ASSETCATALOG_COMPILER_GLOBAL_ACCENT_COLOR_NAME = AccentColor;
				ASSETCATALOG_COMPILER_INCLUDE_ALL_APPICON_ASSETS = YES;
				CODE_SIGN_ENTITLEMENTS = LaTeXOCR/LaTeXOCR.entitlements;
				"CODE_SIGN_IDENTITY[sdk=macosx*]" = "Apple Development";
				CODE_SIGN_STYLE = Automatic;
				COMBINE_HIDPI_IMAGES = YES;
				DEVELOPMENT_ASSET_PATHS = "\"LaTeXOCR/Preview Content\"";
				DEVELOPMENT_TEAM = B8P56QPAJ4;
				ENABLE_HARDENED_RUNTIME = YES;
				ENABLE_PREVIEWS = YES;
				GENERATE_INFOPLIST_FILE = YES;
				INFOPLIST_FILE = LaTeXOCR/Info.plist;
				INFOPLIST_KEY_CFBundleDisplayName = LaTeXOCR;
				INFOPLIST_KEY_LSApplicationCategoryType = "public.app-category.developer-tools";
				INFOPLIST_KEY_LSUIElement = NO;
				INFOPLIST_KEY_NSHumanReadableCopyright = "";
				LD_RUNPATH_SEARCH_PATHS = (
					"$(inherited)",
					"@executable_path/../Frameworks",
				);
				MARKETING_VERSION = 1.2;
				PRODUCT_BUNDLE_IDENTIFIER = com.yan.LaTeXOCR;
				PRODUCT_NAME = "$(TARGET_NAME)";
				SWIFT_EMIT_LOC_STRINGS = YES;
				SWIFT_VERSION = 5.0;
			};
			name = Debug;
		};
		C7D48ADE2CC4D29100BE2130 /* Release */ = {
			isa = XCBuildConfiguration;
			buildSettings = {
				ASSETCATALOG_COMPILER_APPICON_NAME = AppIcon;
				ASSETCATALOG_COMPILER_GLOBAL_ACCENT_COLOR_NAME = AccentColor;
				ASSETCATALOG_COMPILER_INCLUDE_ALL_APPICON_ASSETS = YES;
				CODE_SIGN_ENTITLEMENTS = LaTeXOCR/LaTeXOCR.entitlements;
				"CODE_SIGN_IDENTITY[sdk=macosx*]" = "Apple Development";
				CODE_SIGN_STYLE = Automatic;
				COMBINE_HIDPI_IMAGES = YES;
				DEVELOPMENT_ASSET_PATHS = "\"LaTeXOCR/Preview Content\"";
				DEVELOPMENT_TEAM = B8P56QPAJ4;
				ENABLE_HARDENED_RUNTIME = YES;
				ENABLE_PREVIEWS = YES;
				GENERATE_INFOPLIST_FILE = YES;
				INFOPLIST_FILE = LaTeXOCR/Info.plist;
				INFOPLIST_KEY_CFBundleDisplayName = LaTeXOCR;
				INFOPLIST_KEY_LSApplicationCategoryType = "public.app-category.developer-tools";
				INFOPLIST_KEY_LSUIElement = NO;
				INFOPLIST_KEY_NSHumanReadableCopyright = "";
				LD_RUNPATH_SEARCH_PATHS = (
					"$(inherited)",
					"@executable_path/../Frameworks",
				);
				MARKETING_VERSION = 1.2;
				PRODUCT_BUNDLE_IDENTIFIER = com.yan.LaTeXOCR;
				PRODUCT_NAME = "$(TARGET_NAME)";
				SWIFT_EMIT_LOC_STRINGS = YES;
				SWIFT_VERSION = 5.0;
			};
			name = Release;
		};
		C7D48AE02CC4D29100BE2130 /* Debug */ = {
			isa = XCBuildConfiguration;
			buildSettings = {
				ALWAYS_EMBED_SWIFT_STANDARD_LIBRARIES = YES;
				BUNDLE_LOADER = "$(TEST_HOST)";
				CODE_SIGN_STYLE = Automatic;
				CURRENT_PROJECT_VERSION = 1;
				DEVELOPMENT_TEAM = B8P56QPAJ4;
				GENERATE_INFOPLIST_FILE = YES;
				MACOSX_DEPLOYMENT_TARGET = 13.6;
				MARKETING_VERSION = 1.0;
				PRODUCT_BUNDLE_IDENTIFIER = com.yan.LaTeXOCRTests;
				PRODUCT_NAME = "$(TARGET_NAME)";
				SWIFT_EMIT_LOC_STRINGS = NO;
				SWIFT_VERSION = 5.0;
				TEST_HOST = "$(BUILT_PRODUCTS_DIR)/LaTeXOCR.app/$(BUNDLE_EXECUTABLE_FOLDER_PATH)/LaTeXOCR";
			};
			name = Debug;
		};
		C7D48AE12CC4D29100BE2130 /* Release */ = {
			isa = XCBuildConfiguration;
			buildSettings = {
				ALWAYS_EMBED_SWIFT_STANDARD_LIBRARIES = YES;
				BUNDLE_LOADER = "$(TEST_HOST)";
				CODE_SIGN_STYLE = Automatic;
				CURRENT_PROJECT_VERSION = 1;
				DEVELOPMENT_TEAM = B8P56QPAJ4;
				GENERATE_INFOPLIST_FILE = YES;
				MACOSX_DEPLOYMENT_TARGET = 13.6;
				MARKETING_VERSION = 1.0;
				PRODUCT_BUNDLE_IDENTIFIER = com.yan.LaTeXOCRTests;
				PRODUCT_NAME = "$(TARGET_NAME)";
				SWIFT_EMIT_LOC_STRINGS = NO;
				SWIFT_VERSION = 5.0;
				TEST_HOST = "$(BUILT_PRODUCTS_DIR)/LaTeXOCR.app/$(BUNDLE_EXECUTABLE_FOLDER_PATH)/LaTeXOCR";
			};
			name = Release;
		};
		C7D48AE32CC4D29100BE2130 /* Debug */ = {
			isa = XCBuildConfiguration;
			buildSettings = {
				ALWAYS_EMBED_SWIFT_STANDARD_LIBRARIES = YES;
				CODE_SIGN_STYLE = Automatic;
				CURRENT_PROJECT_VERSION = 1;
				DEVELOPMENT_TEAM = B8P56QPAJ4;
				GENERATE_INFOPLIST_FILE = YES;
				MARKETING_VERSION = 1.0;
				PRODUCT_BUNDLE_IDENTIFIER = com.yan.LaTeXOCRUITests;
				PRODUCT_NAME = "$(TARGET_NAME)";
				SWIFT_EMIT_LOC_STRINGS = NO;
				SWIFT_VERSION = 5.0;
				TEST_TARGET_NAME = LaTeXOCR;
			};
			name = Debug;
		};
		C7D48AE42CC4D29100BE2130 /* Release */ = {
			isa = XCBuildConfiguration;
			buildSettings = {
				ALWAYS_EMBED_SWIFT_STANDARD_LIBRARIES = YES;
				CODE_SIGN_STYLE = Automatic;
				CURRENT_PROJECT_VERSION = 1;
				DEVELOPMENT_TEAM = B8P56QPAJ4;
				GENERATE_INFOPLIST_FILE = YES;
				MARKETING_VERSION = 1.0;
				PRODUCT_BUNDLE_IDENTIFIER = com.yan.LaTeXOCRUITests;
				PRODUCT_NAME = "$(TARGET_NAME)";
				SWIFT_EMIT_LOC_STRINGS = NO;
				SWIFT_VERSION = 5.0;
				TEST_TARGET_NAME = LaTeXOCR;
			};
			name = Release;
		};
/* End XCBuildConfiguration section */

/* Begin XCConfigurationList section */
		C7D48AB22CC4D28E00BE2130 /* Build configuration list for PBXProject "LaTeXOCR" */ = {
			isa = XCConfigurationList;
			buildConfigurations = (
				C7D48ADA2CC4D29100BE2130 /* Debug */,
				C7D48ADB2CC4D29100BE2130 /* Release */,
			);
			defaultConfigurationIsVisible = 0;
			defaultConfigurationName = Release;
		};
		C7D48ADC2CC4D29100BE2130 /* Build configuration list for PBXNativeTarget "LaTeXOCR" */ = {
			isa = XCConfigurationList;
			buildConfigurations = (
				C7D48ADD2CC4D29100BE2130 /* Debug */,
				C7D48ADE2CC4D29100BE2130 /* Release */,
			);
			defaultConfigurationIsVisible = 0;
			defaultConfigurationName = Release;
		};
		C7D48ADF2CC4D29100BE2130 /* Build configuration list for PBXNativeTarget "LaTeXOCRTests" */ = {
			isa = XCConfigurationList;
			buildConfigurations = (
				C7D48AE02CC4D29100BE2130 /* Debug */,
				C7D48AE12CC4D29100BE2130 /* Release */,
			);
			defaultConfigurationIsVisible = 0;
			defaultConfigurationName = Release;
		};
		C7D48AE22CC4D29100BE2130 /* Build configuration list for PBXNativeTarget "LaTeXOCRUITests" */ = {
			isa = XCConfigurationList;
			buildConfigurations = (
				C7D48AE32CC4D29100BE2130 /* Debug */,
				C7D48AE42CC4D29100BE2130 /* Release */,
			);
			defaultConfigurationIsVisible = 0;
			defaultConfigurationName = Release;
		};
/* End XCConfigurationList section */
	};
	rootObject = C7D48AAF2CC4D28E00BE2130 /* Project object */;
}
